<?xml version="1.0" encoding="UTF-8" standalone="yes" ?>
<CodeBlocks_project_file>
	<FileVersion major="1" minor="6" />
	<Project>
		<Option title="GIFMod_API" />
		<Option pch_mode="2" />
		<Option compiler="gcc" />
		<Build>
			<Target title="Debug">
				<Option output="bin/Debug/GIFMod_API" prefix_auto="1" extension_auto="1" />
				<Option object_output="obj/Debug/" />
				<Option type="1" />
				<Option compiler="gcc" />
				<Compiler>
					<Add option="-std=c++0x" />
					<Add option="-pg" />
					<Add option="-g" />
					<Add option="-DAPI_version" />
					<Add option="-DGIFMOD" />
					<Add option="-DDebug_API" />
					<Add directory="../GIFMod/src/GUI" />
					<Add directory="GIFMod_API" />
				</Compiler>
				<Linker>
					<Add option="-pg" />
				</Linker>
			</Target>
			<Target title="Debug_Office_Linux">
				<Option output="bin/Debug/GIFMod_API" prefix_auto="1" extension_auto="1" />
				<Option object_output="obj/Debug/" />
				<Option type="1" />
				<Option compiler="gcc" />
				<Compiler>
					<Add option="-std=c++0x" />
					<Add option="-pg" />
					<Add option="-g" />
					<Add option="-DAPI_version" />
					<Add option="-DGIFMOD" />
					<Add option="-DDebug_API" />
					<Add directory="../GIFMod/src/GUI" />
					<Add directory="GIFMod_API" />
					<Add directory="Armadillo" />
				</Compiler>
				<Linker>
					<Add option="-pg" />
					<Add library="$(Armadillo)/libarmadillo.so" />
					<Add library="$(Armadillo)/libblas.so" />
					<Add library="$(Armadillo)/liblapack.so" />
					<Add library="$(VTK_build)/libvtkChartsCore-8.1.so" />
					<Add library="$(VTK_build)/libvtkCommonColor-8.1.so" />
					<Add library="$(VTK_build)/libvtkCommonComputationalGeometry-8.1.so" />
					<Add library="$(VTK_build)/libvtkCommonCore-8.1.so" />
					<Add library="$(VTK_build)/libvtkCommonDataModel-8.1.so" />
					<Add library="$(VTK_build)/libvtkCommonExecutionModel-8.1.so" />
					<Add library="$(VTK_build)/libvtkCommonMath-8.1.so" />
					<Add library="$(VTK_build)/libvtkCommonMisc-8.1.so" />
					<Add library="$(VTK_build)/libvtkCommonSystem-8.1.so" />
					<Add library="$(VTK_build)/libvtkCommonTransforms-8.1.so" />
					<Add library="$(VTK_build)/libvtkDICOMParser-8.1.so" />
					<Add library="$(VTK_build)/libvtkDomainsChemistry-8.1.so" />
					<Add library="$(VTK_build)/libvtkDomainsChemistryOpenGL2-8.1.so" />
					<Add library="$(VTK_build)/libvtkexpat-8.1.so" />
					<Add library="$(VTK_build)/libvtkFiltersAMR-8.1.so" />
					<Add library="$(VTK_build)/libvtkFiltersCore-8.1.so" />
					<Add library="$(VTK_build)/libvtkFiltersExtraction-8.1.so" />
					<Add library="$(VTK_build)/libvtkFiltersFlowPaths-8.1.so" />
					<Add library="$(VTK_build)/libvtkFiltersGeneral-8.1.so" />
					<Add library="$(VTK_build)/libvtkFiltersGeneric-8.1.so" />
					<Add library="$(VTK_build)/libvtkFiltersGeometry-8.1.so" />
					<Add library="$(VTK_build)/libvtkFiltersHybrid-8.1.so" />
					<Add library="$(VTK_build)/libvtkFiltersHyperTree-8.1.so" />
					<Add library="$(VTK_build)/libvtkFiltersImaging-8.1.so" />
					<Add library="$(VTK_build)/libvtkFiltersModeling-8.1.so" />
					<Add library="$(VTK_build)/libvtkFiltersParallel-8.1.so" />
					<Add library="$(VTK_build)/libvtkFiltersParallelImaging-8.1.so" />
					<Add library="$(VTK_build)/libvtkFiltersPoints-8.1.so" />
					<Add library="$(VTK_build)/libvtkFiltersProgrammable-8.1.so" />
					<Add library="$(VTK_build)/libvtkFiltersSelection-8.1.so" />
					<Add library="$(VTK_build)/libvtkFiltersSMP-8.1.so" />
					<Add library="$(VTK_build)/libvtkFiltersSources-8.1.so" />
					<Add library="$(VTK_build)/libvtkFiltersStatistics-8.1.so" />
					<Add library="$(VTK_build)/libvtkFiltersTexture-8.1.so" />
					<Add library="$(VTK_build)/libvtkFiltersTopology-8.1.so" />
					<Add library="$(VTK_build)/libvtkFiltersVerdict-8.1.so" />
					<Add library="$(VTK_build)/libvtkfreetype-8.1.so" />
					<Add library="$(VTK_build)/libvtkGeovisCore-8.1.so" />
					<Add library="$(VTK_build)/libvtkgl2ps-8.1.so" />
					<Add library="$(VTK_build)/libvtkglew-8.1.so" />
					<Add library="$(VTK_build)/libvtkhdf5-8.1.so" />
					<Add library="$(VTK_build)/libvtkhdf5_hl-8.1.so" />
					<Add library="$(VTK_build)/libvtkImagingColor-8.1.so" />
					<Add library="$(VTK_build)/libvtkImagingCore-8.1.so" />
					<Add library="$(VTK_build)/libvtkImagingFourier-8.1.so" />
					<Add library="$(VTK_build)/libvtkImagingGeneral-8.1.so" />
					<Add library="$(VTK_build)/libvtkImagingHybrid-8.1.so" />
					<Add library="$(VTK_build)/libvtkImagingMath-8.1.so" />
					<Add library="$(VTK_build)/libvtkImagingMorphological-8.1.so" />
					<Add library="$(VTK_build)/libvtkImagingSources-8.1.so" />
					<Add library="$(VTK_build)/libvtkImagingStatistics-8.1.so" />
					<Add library="$(VTK_build)/libvtkImagingStencil-8.1.so" />
					<Add library="$(VTK_build)/libvtkInfovisCore-8.1.so" />
					<Add library="$(VTK_build)/libvtkInfovisLayout-8.1.so" />
					<Add library="$(VTK_build)/libvtkInteractionImage-8.1.so" />
					<Add library="$(VTK_build)/libvtkInteractionStyle-8.1.so" />
					<Add library="$(VTK_build)/libvtkInteractionWidgets-8.1.so" />
					<Add library="$(VTK_build)/libvtkIOAMR-8.1.so" />
					<Add library="$(VTK_build)/libvtkIOCore-8.1.so" />
					<Add library="$(VTK_build)/libvtkIOEnSight-8.1.so" />
					<Add library="$(VTK_build)/libvtkIOExodus-8.1.so" />
					<Add library="$(VTK_build)/libvtkIOExport-8.1.so" />
					<Add library="$(VTK_build)/libvtkIOExportOpenGL2-8.1.so" />
					<Add library="$(VTK_build)/libvtkIOGeometry-8.1.so" />
					<Add library="$(VTK_build)/libvtkIOImage-8.1.so" />
					<Add library="$(VTK_build)/libvtkIOImport-8.1.so" />
					<Add library="$(VTK_build)/libvtkIOInfovis-8.1.so" />
					<Add library="$(VTK_build)/libvtkIOLegacy-8.1.so" />
					<Add library="$(VTK_build)/libvtkIOLSDyna-8.1.so" />
					<Add library="$(VTK_build)/libvtkIOMINC-8.1.so" />
					<Add library="$(VTK_build)/libvtkIOMovie-8.1.so" />
					<Add library="$(VTK_build)/libvtkIONetCDF-8.1.so" />
					<Add library="$(VTK_build)/libvtkIOParallel-8.1.so" />
					<Add library="$(VTK_build)/libvtkIOParallelXML-8.1.so" />
					<Add library="$(VTK_build)/libvtkIOPLY-8.1.so" />
					<Add library="$(VTK_build)/libvtkIOSQL-8.1.so" />
					<Add library="$(VTK_build)/libvtkIOTecplotTable-8.1.so" />
					<Add library="$(VTK_build)/libvtkIOVideo-8.1.so" />
					<Add library="$(VTK_build)/libvtkIOXML-8.1.so" />
					<Add library="$(VTK_build)/libvtkIOXMLParser-8.1.so" />
					<Add library="$(VTK_build)/libvtkjpeg-8.1.so" />
					<Add library="$(VTK_build)/libvtkjsoncpp-8.1.so" />
					<Add library="$(VTK_build)/libvtklibharu-8.1.so" />
					<Add library="$(VTK_build)/libvtklibxml2-8.1.so" />
					<Add library="$(VTK_build)/libvtklz4-8.1.so" />
					<Add library="$(VTK_build)/libvtkmetaio-8.1.so" />
					<Add library="$(VTK_build)/libvtkNetCDF-8.1.so" />
					<Add library="$(VTK_build)/libvtknetcdfcpp-8.1.so" />
					<Add library="$(VTK_build)/libvtkParallelCore-8.1.so" />
					<Add library="$(VTK_build)/libvtkpng-8.1.so" />
					<Add library="$(VTK_build)/libvtkRenderingAnnotation-8.1.so" />
					<Add library="$(VTK_build)/libvtkRenderingContext2D-8.1.so" />
					<Add library="$(VTK_build)/libvtkRenderingContextOpenGL2-8.1.so" />
					<Add library="$(VTK_build)/libvtkRenderingCore-8.1.so" />
					<Add library="$(VTK_build)/libvtkRenderingFreeType-8.1.so" />
					<Add library="$(VTK_build)/libvtkRenderingGL2PSOpenGL2-8.1.so" />
					<Add library="$(VTK_build)/libvtkRenderingImage-8.1.so" />
					<Add library="$(VTK_build)/libvtkRenderingLabel-8.1.so" />
					<Add library="$(VTK_build)/libvtkRenderingLOD-8.1.so" />
					<Add library="$(VTK_build)/libvtkRenderingOpenGL2-8.1.so" />
					<Add library="$(VTK_build)/libvtkRenderingVolume-8.1.so" />
					<Add library="$(VTK_build)/libvtkRenderingVolumeOpenGL2-8.1.so" />
					<Add library="$(VTK_build)/libvtksqlite-8.1.so" />
					<Add library="$(VTK_build)/libvtksys-8.1.so" />
					<Add library="$(VTK_build)/libvtktiff-8.1.so" />
					<Add library="$(VTK_build)/libvtkverdict-8.1.so" />
					<Add library="$(VTK_build)/libvtkViewsContext2D-8.1.so" />
					<Add library="$(VTK_build)/libvtkViewsCore-8.1.so" />
					<Add library="$(VTK_build)/libvtkViewsInfovis-8.1.so" />
					<Add library="$(VTK_build)/libvtkzlib-8.1.so" />
				</Linker>
				<Environment>
					<Variable name="Armadillo" value="/usr/lib/x86_64-linux-gnu/" />
					<Variable name="VTK" value="/usr/local/include/vtk-8.1" />
					<Variable name="VTK_build" value="/usr/local/lib/" />
				</Environment>
			</Target>
			<Target title="Debug_Home_Linux">
				<Option output="bin/Debug/GIFMod_API" prefix_auto="1" extension_auto="1" />
				<Option object_output="obj/Debug/" />
				<Option type="1" />
				<Option compiler="gcc" />
				<Compiler>
					<Add option="-std=c++0x" />
					<Add option="-pg" />
					<Add option="-g" />
					<Add option="-DAPI_version" />
					<Add option="-DGIFMOD" />
					<Add option="-DDebug_API" />
					<Add directory="../GIFMod/src/GUI" />
					<Add directory="GIFMod_API" />
					<Add directory="Armadillo" />
					<Add directory="$(VTK)" />
				</Compiler>
				<Linker>
					<Add option="-pg" />
					<Add library="$(Armadillo)/libarmadillo.so" />
					<Add library="$(Armadillo)/x86_64-linux-gnu/libblas.so" />
					<Add library="$(Armadillo)/x86_64-linux-gnu/liblapack.so" />
					<Add library="$(VTK_build)/libvtkChartsCore-9.0.so" />
					<Add library="$(VTK_build)/libvtkCommonColor-9.0.so" />
					<Add library="$(VTK_build)/libvtkCommonComputationalGeometry-9.0.so" />
					<Add library="$(VTK_build)/libvtkCommonCore-9.0.so" />
					<Add library="$(VTK_build)/libvtkCommonDataModel-9.0.so" />
					<Add library="$(VTK_build)/libvtkCommonExecutionModel-9.0.so" />
					<Add library="$(VTK_build)/libvtkCommonMath-9.0.so" />
					<Add library="$(VTK_build)/libvtkCommonMisc-9.0.so" />
					<Add library="$(VTK_build)/libvtkCommonSystem-9.0.so" />
					<Add library="$(VTK_build)/libvtkCommonTransforms-9.0.so" />
					<Add library="$(VTK_build)/libvtkDICOMParser-9.0.so" />
					<Add library="$(VTK_build)/libvtkDomainsChemistry-9.0.so" />
					<Add library="$(VTK_build)/libvtkDomainsChemistryOpenGL2-9.0.so" />
					<Add library="$(VTK_build)/libvtkexpat-9.0.so" />
					<Add library="$(VTK_build)/libvtkFiltersAMR-9.0.so" />
					<Add library="$(VTK_build)/libvtkFiltersCore-9.0.so" />
					<Add library="$(VTK_build)/libvtkFiltersExtraction-9.0.so" />
					<Add library="$(VTK_build)/libvtkFiltersFlowPaths-9.0.so" />
					<Add library="$(VTK_build)/libvtkFiltersGeneral-9.0.so" />
					<Add library="$(VTK_build)/libvtkFiltersGeneric-9.0.so" />
					<Add library="$(VTK_build)/libvtkFiltersGeometry-9.0.so" />
					<Add library="$(VTK_build)/libvtkFiltersHybrid-9.0.so" />
					<Add library="$(VTK_build)/libvtkFiltersHyperTree-9.0.so" />
					<Add library="$(VTK_build)/libvtkFiltersImaging-9.0.so" />
					<Add library="$(VTK_build)/libvtkFiltersModeling-9.0.so" />
					<Add library="$(VTK_build)/libvtkFiltersParallel-9.0.so" />
					<Add library="$(VTK_build)/libvtkFiltersParallelImaging-9.0.so" />
					<Add library="$(VTK_build)/libvtkFiltersPoints-9.0.so" />
					<Add library="$(VTK_build)/libvtkFiltersProgrammable-9.0.so" />
					<Add library="$(VTK_build)/libvtkFiltersSelection-9.0.so" />
					<Add library="$(VTK_build)/libvtkFiltersSMP-9.0.so" />
					<Add library="$(VTK_build)/libvtkFiltersSources-9.0.so" />
					<Add library="$(VTK_build)/libvtkFiltersStatistics-9.0.so" />
					<Add library="$(VTK_build)/libvtkFiltersTexture-9.0.so" />
					<Add library="$(VTK_build)/libvtkFiltersTopology-9.0.so" />
					<Add library="$(VTK_build)/libvtkFiltersVerdict-9.0.so" />
					<Add library="$(VTK_build)/libvtkfreetype-9.0.so" />
					<Add library="$(VTK_build)/libvtkGeovisCore-9.0.so" />
					<Add library="$(VTK_build)/libvtkgl2ps-9.0.so" />
					<Add library="$(VTK_build)/libvtkglew-9.0.so" />
					<Add library="$(VTK_build)/libvtkhdf5-9.0.so" />
					<Add library="$(VTK_build)/libvtkhdf5_hl-9.0.so" />
					<Add library="$(VTK_build)/libvtkImagingColor-9.0.so" />
					<Add library="$(VTK_build)/libvtkImagingCore-9.0.so" />
					<Add library="$(VTK_build)/libvtkImagingFourier-9.0.so" />
					<Add library="$(VTK_build)/libvtkImagingGeneral-9.0.so" />
					<Add library="$(VTK_build)/libvtkImagingHybrid-9.0.so" />
					<Add library="$(VTK_build)/libvtkImagingMath-9.0.so" />
					<Add library="$(VTK_build)/libvtkImagingMorphological-9.0.so" />
					<Add library="$(VTK_build)/libvtkImagingSources-9.0.so" />
					<Add library="$(VTK_build)/libvtkImagingStatistics-9.0.so" />
					<Add library="$(VTK_build)/libvtkImagingStencil-9.0.so" />
					<Add library="$(VTK_build)/libvtkInfovisCore-9.0.so" />
					<Add library="$(VTK_build)/libvtkInfovisLayout-9.0.so" />
					<Add library="$(VTK_build)/libvtkInteractionImage-9.0.so" />
					<Add library="$(VTK_build)/libvtkInteractionStyle-9.0.so" />
					<Add library="$(VTK_build)/libvtkInteractionWidgets-9.0.so" />
					<Add library="$(VTK_build)/libvtkIOAMR-9.0.so" />
					<Add library="$(VTK_build)/libvtkIOCore-9.0.so" />
					<Add library="$(VTK_build)/libvtkIOEnSight-9.0.so" />
					<Add library="$(VTK_build)/libvtkIOExodus-9.0.so" />
					<Add library="$(VTK_build)/libvtkIOExport-9.0.so" />
					<Add library="$(VTK_build)/libvtkIOExportOpenGL2-9.0.so" />
					<Add library="$(VTK_build)/libvtkIOGeometry-9.0.so" />
					<Add library="$(VTK_build)/libvtkIOImage-9.0.so" />
					<Add library="$(VTK_build)/libvtkIOImport-9.0.so" />
					<Add library="$(VTK_build)/libvtkIOInfovis-9.0.so" />
					<Add library="$(VTK_build)/libvtkIOLegacy-9.0.so" />
					<Add library="$(VTK_build)/libvtkIOLSDyna-9.0.so" />
					<Add library="$(VTK_build)/libvtkIOMINC-9.0.so" />
					<Add library="$(VTK_build)/libvtkIOMovie-9.0.so" />
					<Add library="$(VTK_build)/libvtkIONetCDF-9.0.so" />
					<Add library="$(VTK_build)/libvtkIOParallel-9.0.so" />
					<Add library="$(VTK_build)/libvtkIOParallelXML-9.0.so" />
					<Add library="$(VTK_build)/libvtkIOPLY-9.0.so" />
					<Add library="$(VTK_build)/libvtkIOSQL-9.0.so" />
					<Add library="$(VTK_build)/libvtkIOTecplotTable-9.0.so" />
					<Add library="$(VTK_build)/libvtkIOVideo-9.0.so" />
					<Add library="$(VTK_build)/libvtkIOXML-9.0.so" />
					<Add library="$(VTK_build)/libvtkIOXMLParser-9.0.so" />
					<Add library="$(VTK_build)/libvtkjpeg-9.0.so" />
					<Add library="$(VTK_build)/libvtkjsoncpp-9.0.so" />
					<Add library="$(VTK_build)/libvtklibharu-9.0.so" />
					<Add library="$(VTK_build)/libvtklibxml2-9.0.so" />
					<Add library="$(VTK_build)/libvtklz4-9.0.so" />
					<Add library="$(VTK_build)/libvtkmetaio-9.0.so" />
					<Add library="$(VTK_build)/libvtkNetCDF-9.0.so" />
					<Add library="$(VTK_build)/libvtknetcdfcpp-9.0.so" />
					<Add library="$(VTK_build)/libvtkParallelCore-9.0.so" />
					<Add library="$(VTK_build)/libvtkpng-9.0.so" />
					<Add library="$(VTK_build)/libvtkRenderingAnnotation-9.0.so" />
					<Add library="$(VTK_build)/libvtkRenderingContext2D-9.0.so" />
					<Add library="$(VTK_build)/libvtkRenderingContextOpenGL2-9.0.so" />
					<Add library="$(VTK_build)/libvtkRenderingCore-9.0.so" />
					<Add library="$(VTK_build)/libvtkRenderingFreeType-9.0.so" />
					<Add library="$(VTK_build)/libvtkRenderingGL2PSOpenGL2-9.0.so" />
					<Add library="$(VTK_build)/libvtkRenderingImage-9.0.so" />
					<Add library="$(VTK_build)/libvtkRenderingLabel-9.0.so" />
					<Add library="$(VTK_build)/libvtkRenderingLOD-9.0.so" />
					<Add library="$(VTK_build)/libvtkRenderingOpenGL2-9.0.so" />
					<Add library="$(VTK_build)/libvtkRenderingVolume-9.0.so" />
					<Add library="$(VTK_build)/libvtkRenderingVolumeOpenGL2-9.0.so" />
					<Add library="$(VTK_build)/libvtksqlite-9.0.so" />
					<Add library="$(VTK_build)/libvtksys-9.0.so" />
					<Add library="$(VTK_build)/libvtktiff-9.0.so" />
					<Add library="$(VTK_build)/libvtkverdict-9.0.so" />
					<Add library="$(VTK_build)/libvtkViewsContext2D-9.0.so" />
					<Add library="$(VTK_build)/libvtkViewsCore-9.0.so" />
					<Add library="$(VTK_build)/libvtkViewsInfovis-9.0.so" />
					<Add library="$(VTK_build)/libvtkzlib-9.0.so" />
				</Linker>
				<Environment>
					<Variable name="Armadillo" value="/usr/lib/" />
					<Variable name="VTK" value="/usr/local/include/vtk-9.0" />
					<Variable name="VTK_build" value="/usr/local/lib/" />
				</Environment>
			</Target>
			<Target title="Release">
				<Option output="bin/Release/GIFMod_API" prefix_auto="1" extension_auto="1" />
				<Option object_output="obj/Release/" />
				<Option type="1" />
				<Option compiler="gcc" />
				<Compiler>
					<Add option="-O2" />
					<Add option="-std=c++0x" />
					<Add option="-pg" />
					<Add option="-DAPI_version" />
					<Add option="-DGIFMOD" />
					<Add directory="../GIFMod/src/GUI" />
					<Add directory="GIFMod_API" />
				</Compiler>
				<Linker>
					<Add option="-pg" />
				</Linker>
			</Target>
			<Target title="Release_Office_Linux">
				<Option output="bin/Release/GIFMod_API" prefix_auto="1" extension_auto="1" />
				<Option object_output="obj/Release/" />
				<Option type="1" />
				<Option compiler="gcc" />
				<Compiler>
					<Add option="-O2" />
					<Add option="-std=c++0x" />
					<Add option="-pg" />
					<Add option="-DAPI_version" />
					<Add option="-DGIFMOD" />
					<Add directory="../GIFMod/src/GUI" />
					<Add directory="GIFMod_API" />
				</Compiler>
				<Linker>
					<Add option="-pg" />
					<Add library="$(Armadillo)/libarmadillo.so" />
					<Add library="$(Armadillo)/libblas.so" />
					<Add library="$(Armadillo)/liblapack.so" />
					<Add library="$(VTK_build)/libvtkChartsCore-8.1.so" />
					<Add library="$(VTK_build)/libvtkCommonColor-8.1.so" />
					<Add library="$(VTK_build)/libvtkCommonComputationalGeometry-8.1.so" />
					<Add library="$(VTK_build)/libvtkCommonCore-8.1.so" />
					<Add library="$(VTK_build)/libvtkCommonDataModel-8.1.so" />
					<Add library="$(VTK_build)/libvtkCommonExecutionModel-8.1.so" />
					<Add library="$(VTK_build)/libvtkCommonMath-8.1.so" />
					<Add library="$(VTK_build)/libvtkCommonMisc-8.1.so" />
					<Add library="$(VTK_build)/libvtkCommonSystem-8.1.so" />
					<Add library="$(VTK_build)/libvtkCommonTransforms-8.1.so" />
					<Add library="$(VTK_build)/libvtkDICOMParser-8.1.so" />
					<Add library="$(VTK_build)/libvtkDomainsChemistry-8.1.so" />
					<Add library="$(VTK_build)/libvtkDomainsChemistryOpenGL2-8.1.so" />
					<Add library="$(VTK_build)/libvtkexpat-8.1.so" />
					<Add library="$(VTK_build)/libvtkFiltersAMR-8.1.so" />
					<Add library="$(VTK_build)/libvtkFiltersCore-8.1.so" />
					<Add library="$(VTK_build)/libvtkFiltersExtraction-8.1.so" />
					<Add library="$(VTK_build)/libvtkFiltersFlowPaths-8.1.so" />
					<Add library="$(VTK_build)/libvtkFiltersGeneral-8.1.so" />
					<Add library="$(VTK_build)/libvtkFiltersGeneric-8.1.so" />
					<Add library="$(VTK_build)/libvtkFiltersGeometry-8.1.so" />
					<Add library="$(VTK_build)/libvtkFiltersHybrid-8.1.so" />
					<Add library="$(VTK_build)/libvtkFiltersHyperTree-8.1.so" />
					<Add library="$(VTK_build)/libvtkFiltersImaging-8.1.so" />
					<Add library="$(VTK_build)/libvtkFiltersModeling-8.1.so" />
					<Add library="$(VTK_build)/libvtkFiltersParallel-8.1.so" />
					<Add library="$(VTK_build)/libvtkFiltersParallelImaging-8.1.so" />
					<Add library="$(VTK_build)/libvtkFiltersPoints-8.1.so" />
					<Add library="$(VTK_build)/libvtkFiltersProgrammable-8.1.so" />
					<Add library="$(VTK_build)/libvtkFiltersSelection-8.1.so" />
					<Add library="$(VTK_build)/libvtkFiltersSMP-8.1.so" />
					<Add library="$(VTK_build)/libvtkFiltersSources-8.1.so" />
					<Add library="$(VTK_build)/libvtkFiltersStatistics-8.1.so" />
					<Add library="$(VTK_build)/libvtkFiltersTexture-8.1.so" />
					<Add library="$(VTK_build)/libvtkFiltersTopology-8.1.so" />
					<Add library="$(VTK_build)/libvtkFiltersVerdict-8.1.so" />
					<Add library="$(VTK_build)/libvtkfreetype-8.1.so" />
					<Add library="$(VTK_build)/libvtkGeovisCore-8.1.so" />
					<Add library="$(VTK_build)/libvtkgl2ps-8.1.so" />
					<Add library="$(VTK_build)/libvtkglew-8.1.so" />
					<Add library="$(VTK_build)/libvtkhdf5-8.1.so" />
					<Add library="$(VTK_build)/libvtkhdf5_hl-8.1.so" />
					<Add library="$(VTK_build)/libvtkImagingColor-8.1.so" />
					<Add library="$(VTK_build)/libvtkImagingCore-8.1.so" />
					<Add library="$(VTK_build)/libvtkImagingFourier-8.1.so" />
					<Add library="$(VTK_build)/libvtkImagingGeneral-8.1.so" />
					<Add library="$(VTK_build)/libvtkImagingHybrid-8.1.so" />
					<Add library="$(VTK_build)/libvtkImagingMath-8.1.so" />
					<Add library="$(VTK_build)/libvtkImagingMorphological-8.1.so" />
					<Add library="$(VTK_build)/libvtkImagingSources-8.1.so" />
					<Add library="$(VTK_build)/libvtkImagingStatistics-8.1.so" />
					<Add library="$(VTK_build)/libvtkImagingStencil-8.1.so" />
					<Add library="$(VTK_build)/libvtkInfovisCore-8.1.so" />
					<Add library="$(VTK_build)/libvtkInfovisLayout-8.1.so" />
					<Add library="$(VTK_build)/libvtkInteractionImage-8.1.so" />
					<Add library="$(VTK_build)/libvtkInteractionStyle-8.1.so" />
					<Add library="$(VTK_build)/libvtkInteractionWidgets-8.1.so" />
					<Add library="$(VTK_build)/libvtkIOAMR-8.1.so" />
					<Add library="$(VTK_build)/libvtkIOCore-8.1.so" />
					<Add library="$(VTK_build)/libvtkIOEnSight-8.1.so" />
					<Add library="$(VTK_build)/libvtkIOExodus-8.1.so" />
					<Add library="$(VTK_build)/libvtkIOExport-8.1.so" />
					<Add library="$(VTK_build)/libvtkIOExportOpenGL2-8.1.so" />
					<Add library="$(VTK_build)/libvtkIOGeometry-8.1.so" />
					<Add library="$(VTK_build)/libvtkIOImage-8.1.so" />
					<Add library="$(VTK_build)/libvtkIOImport-8.1.so" />
					<Add library="$(VTK_build)/libvtkIOInfovis-8.1.so" />
					<Add library="$(VTK_build)/libvtkIOLegacy-8.1.so" />
					<Add library="$(VTK_build)/libvtkIOLSDyna-8.1.so" />
					<Add library="$(VTK_build)/libvtkIOMINC-8.1.so" />
					<Add library="$(VTK_build)/libvtkIOMovie-8.1.so" />
					<Add library="$(VTK_build)/libvtkIONetCDF-8.1.so" />
					<Add library="$(VTK_build)/libvtkIOParallel-8.1.so" />
					<Add library="$(VTK_build)/libvtkIOParallelXML-8.1.so" />
					<Add library="$(VTK_build)/libvtkIOPLY-8.1.so" />
					<Add library="$(VTK_build)/libvtkIOSQL-8.1.so" />
					<Add library="$(VTK_build)/libvtkIOTecplotTable-8.1.so" />
					<Add library="$(VTK_build)/libvtkIOVideo-8.1.so" />
					<Add library="$(VTK_build)/libvtkIOXML-8.1.so" />
					<Add library="$(VTK_build)/libvtkIOXMLParser-8.1.so" />
					<Add library="$(VTK_build)/libvtkjpeg-8.1.so" />
					<Add library="$(VTK_build)/libvtkjsoncpp-8.1.so" />
					<Add library="$(VTK_build)/libvtklibharu-8.1.so" />
					<Add library="$(VTK_build)/libvtklibxml2-8.1.so" />
					<Add library="$(VTK_build)/libvtklz4-8.1.so" />
					<Add library="$(VTK_build)/libvtkmetaio-8.1.so" />
					<Add library="$(VTK_build)/libvtkNetCDF-8.1.so" />
					<Add library="$(VTK_build)/libvtknetcdfcpp-8.1.so" />
					<Add library="$(VTK_build)/libvtkParallelCore-8.1.so" />
					<Add library="$(VTK_build)/libvtkpng-8.1.so" />
					<Add library="$(VTK_build)/libvtkRenderingAnnotation-8.1.so" />
					<Add library="$(VTK_build)/libvtkRenderingContext2D-8.1.so" />
					<Add library="$(VTK_build)/libvtkRenderingContextOpenGL2-8.1.so" />
					<Add library="$(VTK_build)/libvtkRenderingCore-8.1.so" />
					<Add library="$(VTK_build)/libvtkRenderingFreeType-8.1.so" />
					<Add library="$(VTK_build)/libvtkRenderingGL2PSOpenGL2-8.1.so" />
					<Add library="$(VTK_build)/libvtkRenderingImage-8.1.so" />
					<Add library="$(VTK_build)/libvtkRenderingLabel-8.1.so" />
					<Add library="$(VTK_build)/libvtkRenderingLOD-8.1.so" />
					<Add library="$(VTK_build)/libvtkRenderingOpenGL2-8.1.so" />
					<Add library="$(VTK_build)/libvtkRenderingVolume-8.1.so" />
					<Add library="$(VTK_build)/libvtkRenderingVolumeOpenGL2-8.1.so" />
					<Add library="$(VTK_build)/libvtksqlite-8.1.so" />
					<Add library="$(VTK_build)/libvtksys-8.1.so" />
					<Add library="$(VTK_build)/libvtktiff-8.1.so" />
					<Add library="$(VTK_build)/libvtkverdict-8.1.so" />
					<Add library="$(VTK_build)/libvtkViewsContext2D-8.1.so" />
					<Add library="$(VTK_build)/libvtkViewsCore-8.1.so" />
					<Add library="$(VTK_build)/libvtkViewsInfovis-8.1.so" />
					<Add library="$(VTK_build)/libvtkzlib-8.1.so" />
				</Linker>
				<Environment>
					<Variable name="Armadillo" value="/usr/lib/x86_64-linux-gnu/" />
					<Variable name="VTK" value="/usr/local/include/vtk-8.1" />
					<Variable name="VTK_build" value="/usr/local/lib/" />
				</Environment>
			</Target>
			<Target title="Release_Home_Linux">
				<Option output="bin/Release/GIFMod_API" prefix_auto="1" extension_auto="1" />
				<Option object_output="obj/Release/" />
				<Option type="1" />
				<Option compiler="gcc" />
				<Compiler>
					<Add option="-O2" />
					<Add option="-std=c++0x" />
					<Add option="-pg" />
					<Add option="-DAPI_version" />
					<Add option="-DGIFMOD" />
					<Add directory="../GIFMod/src/GUI" />
					<Add directory="GIFMod_API" />
					<Add directory="$(VTK)" />
				</Compiler>
				<Linker>
					<Add option="-pg" />
					<Add library="$(Armadillo)/libarmadillo.so" />
					<Add library="$(Armadillo)/x86_64-linux-gnu/libblas.so" />
					<Add library="$(Armadillo)/x86_64-linux-gnu/liblapack.so" />
					<Add library="$(VTK_build)/libvtkChartsCore-9.0.so" />
					<Add library="$(VTK_build)/libvtkCommonColor-9.0.so" />
					<Add library="$(VTK_build)/libvtkCommonComputationalGeometry-9.0.so" />
					<Add library="$(VTK_build)/libvtkCommonCore-9.0.so" />
					<Add library="$(VTK_build)/libvtkCommonDataModel-9.0.so" />
					<Add library="$(VTK_build)/libvtkCommonExecutionModel-9.0.so" />
					<Add library="$(VTK_build)/libvtkCommonMath-9.0.so" />
					<Add library="$(VTK_build)/libvtkCommonMisc-9.0.so" />
					<Add library="$(VTK_build)/libvtkCommonSystem-9.0.so" />
					<Add library="$(VTK_build)/libvtkCommonTransforms-9.0.so" />
					<Add library="$(VTK_build)/libvtkDICOMParser-9.0.so" />
					<Add library="$(VTK_build)/libvtkDomainsChemistry-9.0.so" />
					<Add library="$(VTK_build)/libvtkDomainsChemistryOpenGL2-9.0.so" />
					<Add library="$(VTK_build)/libvtkexpat-9.0.so" />
					<Add library="$(VTK_build)/libvtkFiltersAMR-9.0.so" />
					<Add library="$(VTK_build)/libvtkFiltersCore-9.0.so" />
					<Add library="$(VTK_build)/libvtkFiltersExtraction-9.0.so" />
					<Add library="$(VTK_build)/libvtkFiltersFlowPaths-9.0.so" />
					<Add library="$(VTK_build)/libvtkFiltersGeneral-9.0.so" />
					<Add library="$(VTK_build)/libvtkFiltersGeneric-9.0.so" />
					<Add library="$(VTK_build)/libvtkFiltersGeometry-9.0.so" />
					<Add library="$(VTK_build)/libvtkFiltersHybrid-9.0.so" />
					<Add library="$(VTK_build)/libvtkFiltersHyperTree-9.0.so" />
					<Add library="$(VTK_build)/libvtkFiltersImaging-9.0.so" />
					<Add library="$(VTK_build)/libvtkFiltersModeling-9.0.so" />
					<Add library="$(VTK_build)/libvtkFiltersParallel-9.0.so" />
					<Add library="$(VTK_build)/libvtkFiltersParallelImaging-9.0.so" />
					<Add library="$(VTK_build)/libvtkFiltersPoints-9.0.so" />
					<Add library="$(VTK_build)/libvtkFiltersProgrammable-9.0.so" />
					<Add library="$(VTK_build)/libvtkFiltersSelection-9.0.so" />
					<Add library="$(VTK_build)/libvtkFiltersSMP-9.0.so" />
					<Add library="$(VTK_build)/libvtkFiltersSources-9.0.so" />
					<Add library="$(VTK_build)/libvtkFiltersStatistics-9.0.so" />
					<Add library="$(VTK_build)/libvtkFiltersTexture-9.0.so" />
					<Add library="$(VTK_build)/libvtkFiltersTopology-9.0.so" />
					<Add library="$(VTK_build)/libvtkFiltersVerdict-9.0.so" />
					<Add library="$(VTK_build)/libvtkfreetype-9.0.so" />
					<Add library="$(VTK_build)/libvtkGeovisCore-9.0.so" />
					<Add library="$(VTK_build)/libvtkgl2ps-9.0.so" />
					<Add library="$(VTK_build)/libvtkglew-9.0.so" />
					<Add library="$(VTK_build)/libvtkhdf5-9.0.so" />
					<Add library="$(VTK_build)/libvtkhdf5_hl-9.0.so" />
					<Add library="$(VTK_build)/libvtkImagingColor-9.0.so" />
					<Add library="$(VTK_build)/libvtkImagingCore-9.0.so" />
					<Add library="$(VTK_build)/libvtkImagingFourier-9.0.so" />
					<Add library="$(VTK_build)/libvtkImagingGeneral-9.0.so" />
					<Add library="$(VTK_build)/libvtkImagingHybrid-9.0.so" />
					<Add library="$(VTK_build)/libvtkImagingMath-9.0.so" />
					<Add library="$(VTK_build)/libvtkImagingMorphological-9.0.so" />
					<Add library="$(VTK_build)/libvtkImagingSources-9.0.so" />
					<Add library="$(VTK_build)/libvtkImagingStatistics-9.0.so" />
					<Add library="$(VTK_build)/libvtkImagingStencil-9.0.so" />
					<Add library="$(VTK_build)/libvtkInfovisCore-9.0.so" />
					<Add library="$(VTK_build)/libvtkInfovisLayout-9.0.so" />
					<Add library="$(VTK_build)/libvtkInteractionImage-9.0.so" />
					<Add library="$(VTK_build)/libvtkInteractionStyle-9.0.so" />
					<Add library="$(VTK_build)/libvtkInteractionWidgets-9.0.so" />
					<Add library="$(VTK_build)/libvtkIOAMR-9.0.so" />
					<Add library="$(VTK_build)/libvtkIOCore-9.0.so" />
					<Add library="$(VTK_build)/libvtkIOEnSight-9.0.so" />
					<Add library="$(VTK_build)/libvtkIOExodus-9.0.so" />
					<Add library="$(VTK_build)/libvtkIOExport-9.0.so" />
					<Add library="$(VTK_build)/libvtkIOExportOpenGL2-9.0.so" />
					<Add library="$(VTK_build)/libvtkIOGeometry-9.0.so" />
					<Add library="$(VTK_build)/libvtkIOImage-9.0.so" />
					<Add library="$(VTK_build)/libvtkIOImport-9.0.so" />
					<Add library="$(VTK_build)/libvtkIOInfovis-9.0.so" />
					<Add library="$(VTK_build)/libvtkIOLegacy-9.0.so" />
					<Add library="$(VTK_build)/libvtkIOLSDyna-9.0.so" />
					<Add library="$(VTK_build)/libvtkIOMINC-9.0.so" />
					<Add library="$(VTK_build)/libvtkIOMovie-9.0.so" />
					<Add library="$(VTK_build)/libvtkIONetCDF-9.0.so" />
					<Add library="$(VTK_build)/libvtkIOParallel-9.0.so" />
					<Add library="$(VTK_build)/libvtkIOParallelXML-9.0.so" />
					<Add library="$(VTK_build)/libvtkIOPLY-9.0.so" />
					<Add library="$(VTK_build)/libvtkIOSQL-9.0.so" />
					<Add library="$(VTK_build)/libvtkIOTecplotTable-9.0.so" />
					<Add library="$(VTK_build)/libvtkIOVideo-9.0.so" />
					<Add library="$(VTK_build)/libvtkIOXML-9.0.so" />
					<Add library="$(VTK_build)/libvtkIOXMLParser-9.0.so" />
					<Add library="$(VTK_build)/libvtkjpeg-9.0.so" />
					<Add library="$(VTK_build)/libvtkjsoncpp-9.0.so" />
					<Add library="$(VTK_build)/libvtklibharu-9.0.so" />
					<Add library="$(VTK_build)/libvtklibxml2-9.0.so" />
					<Add library="$(VTK_build)/libvtklz4-9.0.so" />
					<Add library="$(VTK_build)/libvtkmetaio-9.0.so" />
					<Add library="$(VTK_build)/libvtkNetCDF-9.0.so" />
					<Add library="$(VTK_build)/libvtknetcdfcpp-9.0.so" />
					<Add library="$(VTK_build)/libvtkParallelCore-9.0.so" />
					<Add library="$(VTK_build)/libvtkpng-9.0.so" />
					<Add library="$(VTK_build)/libvtkRenderingAnnotation-9.0.so" />
					<Add library="$(VTK_build)/libvtkRenderingContext2D-9.0.so" />
					<Add library="$(VTK_build)/libvtkRenderingContextOpenGL2-9.0.so" />
					<Add library="$(VTK_build)/libvtkRenderingCore-9.0.so" />
					<Add library="$(VTK_build)/libvtkRenderingFreeType-9.0.so" />
					<Add library="$(VTK_build)/libvtkRenderingGL2PSOpenGL2-9.0.so" />
					<Add library="$(VTK_build)/libvtkRenderingImage-9.0.so" />
					<Add library="$(VTK_build)/libvtkRenderingLabel-9.0.so" />
					<Add library="$(VTK_build)/libvtkRenderingLOD-9.0.so" />
					<Add library="$(VTK_build)/libvtkRenderingOpenGL2-9.0.so" />
					<Add library="$(VTK_build)/libvtkRenderingVolume-9.0.so" />
					<Add library="$(VTK_build)/libvtkRenderingVolumeOpenGL2-9.0.so" />
					<Add library="$(VTK_build)/libvtksqlite-9.0.so" />
					<Add library="$(VTK_build)/libvtksys-9.0.so" />
					<Add library="$(VTK_build)/libvtktiff-9.0.so" />
					<Add library="$(VTK_build)/libvtkverdict-9.0.so" />
					<Add library="$(VTK_build)/libvtkViewsContext2D-9.0.so" />
					<Add library="$(VTK_build)/libvtkViewsCore-9.0.so" />
					<Add library="$(VTK_build)/libvtkViewsInfovis-9.0.so" />
					<Add library="$(VTK_build)/libvtkzlib-9.0.so" />
				</Linker>
				<Environment>
					<Variable name="Armadillo" value="/usr/lib/" />
					<Variable name="VTK" value="/usr/local/include/vtk-9.0" />
					<Variable name="VTK_build" value="/usr/local/lib/" />
				</Environment>
			</Target>
			<Target title="Debug_Laptop">
				<Option output="bin/Debug/GIFMod_API" prefix_auto="1" extension_auto="1" />
				<Option object_output="obj/Debug/" />
				<Option type="1" />
				<Option compiler="gcc" />
				<Compiler>
					<Add option="-std=c++0x" />
					<Add option="-pg" />
					<Add option="-g" />
					<Add option="-DAPI_version" />
					<Add option="-DGIFMOD" />
					<Add option="-DDebug_API" />
					<Add directory="../GIFMod/src/GUI" />
					<Add directory="$(VTK)" />
				</Compiler>
				<Linker>
					<Add option="-pg" />
					<Add library="$(Armadillo)/libarmadillo.so" />
					<Add library="$(Armadillo)/x86_64-linux-gnu/libarpack.so" />
					<Add library="$(Armadillo)/x86_64-linux-gnu/libblas.so" />
					<Add library="$(Armadillo)/x86_64-linux-gnu/liblapack.so" />
					<Add library="$(VTK_build)/libvtkChartsCore-9.0.so" />
					<Add library="$(VTK_build)/libvtkCommonColor-9.0.so" />
					<Add library="$(VTK_build)/libvtkCommonComputationalGeometry-9.0.so" />
					<Add library="$(VTK_build)/libvtkCommonCore-9.0.so" />
					<Add library="$(VTK_build)/libvtkCommonDataModel-9.0.so" />
					<Add library="$(VTK_build)/libvtkCommonExecutionModel-9.0.so" />
					<Add library="$(VTK_build)/libvtkCommonMath-9.0.so" />
					<Add library="$(VTK_build)/libvtkCommonMisc-9.0.so" />
					<Add library="$(VTK_build)/libvtkCommonSystem-9.0.so" />
					<Add library="$(VTK_build)/libvtkCommonTransforms-9.0.so" />
					<Add library="$(VTK_build)/libvtkDICOMParser-9.0.so" />
					<Add library="$(VTK_build)/libvtkDomainsChemistry-9.0.so" />
					<Add library="$(VTK_build)/libvtkDomainsChemistryOpenGL2-9.0.so" />
					<Add library="$(VTK_build)/libvtkexpat-9.0.so" />
					<Add library="$(VTK_build)/libvtkFiltersAMR-9.0.so" />
					<Add library="$(VTK_build)/libvtkFiltersCore-9.0.so" />
					<Add library="$(VTK_build)/libvtkFiltersExtraction-9.0.so" />
					<Add library="$(VTK_build)/libvtkFiltersFlowPaths-9.0.so" />
					<Add library="$(VTK_build)/libvtkFiltersGeneral-9.0.so" />
					<Add library="$(VTK_build)/libvtkFiltersGeneric-9.0.so" />
					<Add library="$(VTK_build)/libvtkFiltersGeometry-9.0.so" />
					<Add library="$(VTK_build)/libvtkFiltersHybrid-9.0.so" />
					<Add library="$(VTK_build)/libvtkFiltersHyperTree-9.0.so" />
					<Add library="$(VTK_build)/libvtkFiltersImaging-9.0.so" />
					<Add library="$(VTK_build)/libvtkFiltersModeling-9.0.so" />
					<Add library="$(VTK_build)/libvtkFiltersParallel-9.0.so" />
					<Add library="$(VTK_build)/libvtkFiltersParallelImaging-9.0.so" />
					<Add library="$(VTK_build)/libvtkFiltersPoints-9.0.so" />
					<Add library="$(VTK_build)/libvtkFiltersProgrammable-9.0.so" />
					<Add library="$(VTK_build)/libvtkFiltersSelection-9.0.so" />
					<Add library="$(VTK_build)/libvtkFiltersSMP-9.0.so" />
					<Add library="$(VTK_build)/libvtkFiltersSources-9.0.so" />
					<Add library="$(VTK_build)/libvtkFiltersStatistics-9.0.so" />
					<Add library="$(VTK_build)/libvtkFiltersTexture-9.0.so" />
					<Add library="$(VTK_build)/libvtkFiltersTopology-9.0.so" />
					<Add library="$(VTK_build)/libvtkFiltersVerdict-9.0.so" />
					<Add library="$(VTK_build)/libvtkfreetype-9.0.so" />
					<Add library="$(VTK_build)/libvtkGeovisCore-9.0.so" />
					<Add library="$(VTK_build)/libvtkgl2ps-9.0.so" />
					<Add library="$(VTK_build)/libvtkglew-9.0.so" />
					<Add library="$(VTK_build)/libvtkhdf5-9.0.so" />
					<Add library="$(VTK_build)/libvtkhdf5_hl-9.0.so" />
					<Add library="$(VTK_build)/libvtkImagingColor-9.0.so" />
					<Add library="$(VTK_build)/libvtkImagingCore-9.0.so" />
					<Add library="$(VTK_build)/libvtkImagingFourier-9.0.so" />
					<Add library="$(VTK_build)/libvtkImagingGeneral-9.0.so" />
					<Add library="$(VTK_build)/libvtkImagingHybrid-9.0.so" />
					<Add library="$(VTK_build)/libvtkImagingMath-9.0.so" />
					<Add library="$(VTK_build)/libvtkImagingMorphological-9.0.so" />
					<Add library="$(VTK_build)/libvtkImagingSources-9.0.so" />
					<Add library="$(VTK_build)/libvtkImagingStatistics-9.0.so" />
					<Add library="$(VTK_build)/libvtkImagingStencil-9.0.so" />
					<Add library="$(VTK_build)/libvtkInfovisCore-9.0.so" />
					<Add library="$(VTK_build)/libvtkInfovisLayout-9.0.so" />
					<Add library="$(VTK_build)/libvtkInteractionImage-9.0.so" />
					<Add library="$(VTK_build)/libvtkInteractionStyle-9.0.so" />
					<Add library="$(VTK_build)/libvtkInteractionWidgets-9.0.so" />
					<Add library="$(VTK_build)/libvtkIOAMR-9.0.so" />
					<Add library="$(VTK_build)/libvtkIOCore-9.0.so" />
					<Add library="$(VTK_build)/libvtkIOEnSight-9.0.so" />
					<Add library="$(VTK_build)/libvtkIOExodus-9.0.so" />
					<Add library="$(VTK_build)/libvtkIOExport-9.0.so" />
					<Add library="$(VTK_build)/libvtkIOExportOpenGL2-9.0.so" />
					<Add library="$(VTK_build)/libvtkIOGeometry-9.0.so" />
					<Add library="$(VTK_build)/libvtkIOImage-9.0.so" />
					<Add library="$(VTK_build)/libvtkIOImport-9.0.so" />
					<Add library="$(VTK_build)/libvtkIOInfovis-9.0.so" />
					<Add library="$(VTK_build)/libvtkIOLegacy-9.0.so" />
					<Add library="$(VTK_build)/libvtkIOLSDyna-9.0.so" />
					<Add library="$(VTK_build)/libvtkIOMINC-9.0.so" />
					<Add library="$(VTK_build)/libvtkIOMovie-9.0.so" />
					<Add library="$(VTK_build)/libvtkIONetCDF-9.0.so" />
					<Add library="$(VTK_build)/libvtkIOParallel-9.0.so" />
					<Add library="$(VTK_build)/libvtkIOParallelXML-9.0.so" />
					<Add library="$(VTK_build)/libvtkIOPLY-9.0.so" />
					<Add library="$(VTK_build)/libvtkIOSQL-9.0.so" />
					<Add library="$(VTK_build)/libvtkIOTecplotTable-9.0.so" />
					<Add library="$(VTK_build)/libvtkIOVideo-9.0.so" />
					<Add library="$(VTK_build)/libvtkIOXML-9.0.so" />
					<Add library="$(VTK_build)/libvtkIOXMLParser-9.0.so" />
					<Add library="$(VTK_build)/libvtkjpeg-9.0.so" />
					<Add library="$(VTK_build)/libvtkjsoncpp-9.0.so" />
					<Add library="$(VTK_build)/libvtklibharu-9.0.so" />
					<Add library="$(VTK_build)/libvtklibxml2-9.0.so" />
					<Add library="$(VTK_build)/libvtklz4-9.0.so" />
					<Add library="$(VTK_build)/libvtkmetaio-9.0.so" />
					<Add library="$(VTK_build)/libvtkNetCDF-9.0.so" />
					<Add library="$(VTK_build)/libvtknetcdfcpp-9.0.so" />
					<Add library="$(VTK_build)/libvtkParallelCore-9.0.so" />
					<Add library="$(VTK_build)/libvtkpng-9.0.so" />
					<Add library="$(VTK_build)/libvtkRenderingAnnotation-9.0.so" />
					<Add library="$(VTK_build)/libvtkRenderingContext2D-9.0.so" />
					<Add library="$(VTK_build)/libvtkRenderingContextOpenGL2-9.0.so" />
					<Add library="$(VTK_build)/libvtkRenderingCore-9.0.so" />
					<Add library="$(VTK_build)/libvtkRenderingFreeType-9.0.so" />
					<Add library="$(VTK_build)/libvtkRenderingGL2PSOpenGL2-9.0.so" />
					<Add library="$(VTK_build)/libvtkRenderingImage-9.0.so" />
					<Add library="$(VTK_build)/libvtkRenderingLabel-9.0.so" />
					<Add library="$(VTK_build)/libvtkRenderingLOD-9.0.so" />
					<Add library="$(VTK_build)/libvtkRenderingOpenGL2-9.0.so" />
					<Add library="$(VTK_build)/libvtkRenderingVolume-9.0.so" />
					<Add library="$(VTK_build)/libvtkRenderingVolumeOpenGL2-9.0.so" />
					<Add library="$(VTK_build)/libvtksqlite-9.0.so" />
					<Add library="$(VTK_build)/libvtksys-9.0.so" />
					<Add library="$(VTK_build)/libvtktiff-9.0.so" />
					<Add library="$(VTK_build)/libvtkverdict-9.0.so" />
					<Add library="$(VTK_build)/libvtkViewsContext2D-9.0.so" />
					<Add library="$(VTK_build)/libvtkViewsCore-9.0.so" />
					<Add library="$(VTK_build)/libvtkViewsInfovis-9.0.so" />
					<Add library="$(VTK_build)/libvtkzlib-9.0.so" />
				</Linker>
				<Environment>
					<Variable name="VTK" value="/usr/local/include/vtk-9.0" />
				</Environment>
			</Target>
			<Target title="Release_Laptop">
				<Option output="bin/Release/GIFMod_API" prefix_auto="1" extension_auto="1" />
				<Option object_output="obj/Release/" />
				<Option type="1" />
				<Option compiler="gcc" />
				<Compiler>
					<Add option="-O2" />
					<Add option="-std=c++0x" />
					<Add option="-pg" />
					<Add option="-DAPI_version" />
					<Add option="-DGIFMOD" />
					<Add directory="../GIFMod/src/GUI" />
					<Add directory="$(VTK)" />
				</Compiler>
				<Linker>
					<Add option="-pg" />
					<Add library="$(Armadillo)/libarmadillo.so" />
					<Add library="$(VTK_build)/libvtkChartsCore-9.0.so" />
					<Add library="$(VTK_build)/libvtkCommonColor-9.0.so" />
					<Add library="$(VTK_build)/libvtkCommonComputationalGeometry-9.0.so" />
					<Add library="$(VTK_build)/libvtkCommonCore-9.0.so" />
					<Add library="$(VTK_build)/libvtkCommonDataModel-9.0.so" />
					<Add library="$(VTK_build)/libvtkCommonExecutionModel-9.0.so" />
					<Add library="$(VTK_build)/libvtkCommonMath-9.0.so" />
					<Add library="$(VTK_build)/libvtkCommonMisc-9.0.so" />
					<Add library="$(VTK_build)/libvtkCommonSystem-9.0.so" />
					<Add library="$(VTK_build)/libvtkCommonTransforms-9.0.so" />
					<Add library="$(VTK_build)/libvtkDICOMParser-9.0.so" />
					<Add library="$(VTK_build)/libvtkDomainsChemistry-9.0.so" />
					<Add library="$(VTK_build)/libvtkDomainsChemistryOpenGL2-9.0.so" />
					<Add library="$(VTK_build)/libvtkexpat-9.0.so" />
					<Add library="$(VTK_build)/libvtkFiltersAMR-9.0.so" />
					<Add library="$(VTK_build)/libvtkFiltersCore-9.0.so" />
					<Add library="$(VTK_build)/libvtkFiltersExtraction-9.0.so" />
					<Add library="$(VTK_build)/libvtkFiltersFlowPaths-9.0.so" />
					<Add library="$(VTK_build)/libvtkFiltersGeneral-9.0.so" />
					<Add library="$(VTK_build)/libvtkFiltersGeneric-9.0.so" />
					<Add library="$(VTK_build)/libvtkFiltersGeometry-9.0.so" />
					<Add library="$(VTK_build)/libvtkFiltersHybrid-9.0.so" />
					<Add library="$(VTK_build)/libvtkFiltersHyperTree-9.0.so" />
					<Add library="$(VTK_build)/libvtkFiltersImaging-9.0.so" />
					<Add library="$(VTK_build)/libvtkFiltersModeling-9.0.so" />
					<Add library="$(VTK_build)/libvtkFiltersParallel-9.0.so" />
					<Add library="$(VTK_build)/libvtkFiltersParallelImaging-9.0.so" />
					<Add library="$(VTK_build)/libvtkFiltersPoints-9.0.so" />
					<Add library="$(VTK_build)/libvtkFiltersProgrammable-9.0.so" />
					<Add library="$(VTK_build)/libvtkFiltersSelection-9.0.so" />
					<Add library="$(VTK_build)/libvtkFiltersSMP-9.0.so" />
					<Add library="$(VTK_build)/libvtkFiltersSources-9.0.so" />
					<Add library="$(VTK_build)/libvtkFiltersStatistics-9.0.so" />
					<Add library="$(VTK_build)/libvtkFiltersTexture-9.0.so" />
					<Add library="$(VTK_build)/libvtkFiltersTopology-9.0.so" />
					<Add library="$(VTK_build)/libvtkFiltersVerdict-9.0.so" />
					<Add library="$(VTK_build)/libvtkfreetype-9.0.so" />
					<Add library="$(VTK_build)/libvtkGeovisCore-9.0.so" />
					<Add library="$(VTK_build)/libvtkgl2ps-9.0.so" />
					<Add library="$(VTK_build)/libvtkglew-9.0.so" />
					<Add library="$(VTK_build)/libvtkhdf5-9.0.so" />
					<Add library="$(VTK_build)/libvtkhdf5_hl-9.0.so" />
					<Add library="$(VTK_build)/libvtkImagingColor-9.0.so" />
					<Add library="$(VTK_build)/libvtkImagingCore-9.0.so" />
					<Add library="$(VTK_build)/libvtkImagingFourier-9.0.so" />
					<Add library="$(VTK_build)/libvtkImagingGeneral-9.0.so" />
					<Add library="$(VTK_build)/libvtkImagingHybrid-9.0.so" />
					<Add library="$(VTK_build)/libvtkImagingMath-9.0.so" />
					<Add library="$(VTK_build)/libvtkImagingMorphological-9.0.so" />
					<Add library="$(VTK_build)/libvtkImagingSources-9.0.so" />
					<Add library="$(VTK_build)/libvtkImagingStatistics-9.0.so" />
					<Add library="$(VTK_build)/libvtkImagingStencil-9.0.so" />
					<Add library="$(VTK_build)/libvtkInfovisCore-9.0.so" />
					<Add library="$(VTK_build)/libvtkInfovisLayout-9.0.so" />
					<Add library="$(VTK_build)/libvtkInteractionImage-9.0.so" />
					<Add library="$(VTK_build)/libvtkInteractionStyle-9.0.so" />
					<Add library="$(VTK_build)/libvtkInteractionWidgets-9.0.so" />
					<Add library="$(VTK_build)/libvtkIOAMR-9.0.so" />
					<Add library="$(VTK_build)/libvtkIOCore-9.0.so" />
					<Add library="$(VTK_build)/libvtkIOEnSight-9.0.so" />
					<Add library="$(VTK_build)/libvtkIOExodus-9.0.so" />
					<Add library="$(VTK_build)/libvtkIOExport-9.0.so" />
					<Add library="$(VTK_build)/libvtkIOExportOpenGL2-9.0.so" />
					<Add library="$(VTK_build)/libvtkIOGeometry-9.0.so" />
					<Add library="$(VTK_build)/libvtkIOImage-9.0.so" />
					<Add library="$(VTK_build)/libvtkIOImport-9.0.so" />
					<Add library="$(VTK_build)/libvtkIOInfovis-9.0.so" />
					<Add library="$(VTK_build)/libvtkIOLegacy-9.0.so" />
					<Add library="$(VTK_build)/libvtkIOLSDyna-9.0.so" />
					<Add library="$(VTK_build)/libvtkIOMINC-9.0.so" />
					<Add library="$(VTK_build)/libvtkIOMovie-9.0.so" />
					<Add library="$(VTK_build)/libvtkIONetCDF-9.0.so" />
					<Add library="$(VTK_build)/libvtkIOParallel-9.0.so" />
					<Add library="$(VTK_build)/libvtkIOParallelXML-9.0.so" />
					<Add library="$(VTK_build)/libvtkIOPLY-9.0.so" />
					<Add library="$(VTK_build)/libvtkIOSQL-9.0.so" />
					<Add library="$(VTK_build)/libvtkIOTecplotTable-9.0.so" />
					<Add library="$(VTK_build)/libvtkIOVideo-9.0.so" />
					<Add library="$(VTK_build)/libvtkIOXML-9.0.so" />
					<Add library="$(VTK_build)/libvtkIOXMLParser-9.0.so" />
					<Add library="$(VTK_build)/libvtkjpeg-9.0.so" />
					<Add library="$(VTK_build)/libvtkjsoncpp-9.0.so" />
					<Add library="$(VTK_build)/libvtklibharu-9.0.so" />
					<Add library="$(VTK_build)/libvtklibxml2-9.0.so" />
					<Add library="$(VTK_build)/libvtklz4-9.0.so" />
					<Add library="$(VTK_build)/libvtkmetaio-9.0.so" />
					<Add library="$(VTK_build)/libvtkNetCDF-9.0.so" />
					<Add library="$(VTK_build)/libvtknetcdfcpp-9.0.so" />
					<Add library="$(VTK_build)/libvtkParallelCore-9.0.so" />
					<Add library="$(VTK_build)/libvtkpng-9.0.so" />
					<Add library="$(VTK_build)/libvtkRenderingAnnotation-9.0.so" />
					<Add library="$(VTK_build)/libvtkRenderingContext2D-9.0.so" />
					<Add library="$(VTK_build)/libvtkRenderingContextOpenGL2-9.0.so" />
					<Add library="$(VTK_build)/libvtkRenderingCore-9.0.so" />
					<Add library="$(VTK_build)/libvtkRenderingFreeType-9.0.so" />
					<Add library="$(VTK_build)/libvtkRenderingGL2PSOpenGL2-9.0.so" />
					<Add library="$(VTK_build)/libvtkRenderingImage-9.0.so" />
					<Add library="$(VTK_build)/libvtkRenderingLabel-9.0.so" />
					<Add library="$(VTK_build)/libvtkRenderingLOD-9.0.so" />
					<Add library="$(VTK_build)/libvtkRenderingOpenGL2-9.0.so" />
					<Add library="$(VTK_build)/libvtkRenderingVolume-9.0.so" />
					<Add library="$(VTK_build)/libvtkRenderingVolumeOpenGL2-9.0.so" />
					<Add library="$(VTK_build)/libvtksqlite-9.0.so" />
					<Add library="$(VTK_build)/libvtksys-9.0.so" />
					<Add library="$(VTK_build)/libvtktiff-9.0.so" />
					<Add library="$(VTK_build)/libvtkverdict-9.0.so" />
					<Add library="$(VTK_build)/libvtkViewsContext2D-9.0.so" />
					<Add library="$(VTK_build)/libvtkViewsCore-9.0.so" />
					<Add library="$(VTK_build)/libvtkViewsInfovis-9.0.so" />
					<Add library="$(VTK_build)/libvtkzlib-9.0.so" />
					<Add library="$(Armadillo)/x86_64-linux-gnu/libarpack.so" />
					<Add library="$(Armadillo)/x86_64-linux-gnu/libblas.so" />
					<Add library="$(Armadillo)/x86_64-linux-gnu/liblapack.so" />
				</Linker>
				<Environment>
					<Variable name="VTK" value="/usr/local/include/vtk-9.0" />
				</Environment>
			</Target>
			<Environment>
				<Variable name="Armadillo" value="/usr/lib" />
				<Variable name="VTK" value="/usr/local/include/vtk-9.0" />
				<Variable name="VTK_build" value="/usr/local/lib" />
			</Environment>
		</Build>
		<Compiler>
			<Add option="-Wall" />
			<Add option="-std=c++11" />
			<Add option="-fexceptions" />
			<Add option="-fopenmp" />
			<Add option="-DARMA_USE_LAPACK" />
			<Add option="-DARMA_USE_BLAS" />
			<Add option="-DGIFMOD" />
			<Add option="-DAPI_version" />
			<Add option="-DUSE_VTK" />
			<Add directory="../../../../usr/local/include/vtk-8.1" />
			<Add directory="/home/arash/Projects/GIFMod_API/" />
		</Compiler>
		<Linker>
			<Add option="-lgomp" />
			<Add option="-pthread" />
		</Linker>
		<Unit filename="../GIFMod/src/GUI/BTC.cpp" />
		<Unit filename="../GIFMod/src/GUI/BTC.h" />
		<Unit filename="../GIFMod/src/GUI/BTCSet.cpp" />
		<Unit filename="../GIFMod/src/GUI/BTCSet.h" />
		<Unit filename="../GIFMod/src/GUI/Buildup.cpp" />
		<Unit filename="../GIFMod/src/GUI/Buildup.h" />
		<Unit filename="../GIFMod/src/GUI/Connection.cpp" />
		<Unit filename="../GIFMod/src/GUI/Connection.h" />
		<Unit filename="../GIFMod/src/GUI/Constituent.cpp" />
		<Unit filename="../GIFMod/src/GUI/Constituent.h" />
		<Unit filename="../GIFMod/src/GUI/Controller.cpp" />
		<Unit filename="../GIFMod/src/GUI/Controller.h" />
		<Unit filename="../GIFMod/src/GUI/Crxtterm.cpp" />
		<Unit filename="../GIFMod/src/GUI/Crxtterm.h" />
		<Unit filename="../GIFMod/src/GUI/Distribution.cpp" />
		<Unit filename="../GIFMod/src/GUI/Distribution.h" />
		<Unit filename="../GIFMod/src/GUI/DistributionNUnif.cpp" />
		<Unit filename="../GIFMod/src/GUI/DistributionNUnif.h" />
		<Unit filename="../GIFMod/src/GUI/EnvExchange.cpp" />
		<Unit filename="../GIFMod/src/GUI/EnvExchange.h" />
		<Unit filename="../GIFMod/src/GUI/Evaporation.cpp" />
		<Unit filename="../GIFMod/src/GUI/Evaporation.h" />
		<Unit filename="../GIFMod/src/GUI/Function.cpp" />
		<Unit filename="../GIFMod/src/GUI/Function.h" />
		<Unit filename="../GIFMod/src/GUI/LIDconfig.cpp" />
		<Unit filename="../GIFMod/src/GUI/LIDconfig.h" />
		<Unit filename="../GIFMod/src/GUI/MBBlock.cpp" />
		<Unit filename="../GIFMod/src/GUI/MBBlock.h" />
		<Unit filename="../GIFMod/src/GUI/Matrix.cpp" />
		<Unit filename="../GIFMod/src/GUI/Matrix.h" />
		<Unit filename="../GIFMod/src/GUI/Matrix_arma.cpp" />
		<Unit filename="../GIFMod/src/GUI/Matrix_arma.h" />
		<Unit filename="../GIFMod/src/GUI/Medium.cpp" />
		<Unit filename="../GIFMod/src/GUI/Medium.h" />
		<Unit filename="../GIFMod/src/GUI/MediumSet.cpp" />
		<Unit filename="../GIFMod/src/GUI/MediumSet.h" />
		<Unit filename="../GIFMod/src/GUI/NormalDist.cpp" />
		<Unit filename="../GIFMod/src/GUI/NormalDist.h" />
		<Unit filename="../GIFMod/src/GUI/ObjectiveFunction.cpp" />
		<Unit filename="../GIFMod/src/GUI/ObjectiveFunction.h" />
		<Unit filename="../GIFMod/src/GUI/Precipitation.cpp" />
		<Unit filename="../GIFMod/src/GUI/Precipitation.h" />
		<Unit filename="../GIFMod/src/GUI/QuickSort.cpp" />
		<Unit filename="../GIFMod/src/GUI/QuickSort.h" />
		<Unit filename="../GIFMod/src/GUI/Reaction.cpp" />
		<Unit filename="../GIFMod/src/GUI/Reaction.h" />
		<Unit filename="../GIFMod/src/GUI/RestoreInfo.cpp" />
		<Unit filename="../GIFMod/src/GUI/RestoreInfo.h" />
		<Unit filename="../GIFMod/src/GUI/RxnNetwork.cpp" />
		<Unit filename="../GIFMod/src/GUI/RxnNetwork.h" />
		<Unit filename="../GIFMod/src/GUI/Sensor.cpp" />
		<Unit filename="../GIFMod/src/GUI/Sensor.h" />
		<Unit filename="../GIFMod/src/GUI/Solid_Phase.cpp" />
		<Unit filename="../GIFMod/src/GUI/Solid_Phase.h" />
		<Unit filename="../GIFMod/src/GUI/StringOP.cpp" />
		<Unit filename="../GIFMod/src/GUI/StringOP.h" />
		<Unit filename="../GIFMod/src/GUI/Vector.cpp" />
		<Unit filename="../GIFMod/src/GUI/Vector.h" />
		<Unit filename="../GIFMod/src/GUI/Vector_arma.cpp" />
		<Unit filename="../GIFMod/src/GUI/Vector_arma.h" />
		<Unit filename="../GIFMod/src/GUI/utility_funcs.cpp" />
		<Unit filename="../GIFMod/src/GUI/utility_funcs.h" />
		<Unit filename="ModelCreator.cpp" />
		<Unit filename="ModelCreator.h" />
		<Unit filename="VTK.h" />
		<Unit filename="VTK_test.cpp" />
		<Unit filename="VTK_test.h" />
		<Unit filename="main.cpp" />
		<Extensions>
			<code_completion />
			<debugger />
			<envvars />
		</Extensions>
	</Project>
</CodeBlocks_project_file>
